
Microsoft Visual Studio Solution File, Format Version 12.00
# Visual Studio 15
VisualStudioVersion = 15.0.27703.2042
MinimumVisualStudioVersion = 10.0.40219.1
Project("{FAE04EC0-301F-11D3-BF4B-00C04F79EFBC}") = "RushHour", "RushHour\RushHour.csproj", "{BFB4D214-332F-4971-860F-81629A8F84DF}"
EndProject
Project("{FAE04EC0-301F-11D3-BF4B-00C04F79EFBC}") = "DataAccess", "DataAccess\DataAccess.csproj", "{7497A8FF-0AE1-4C1D-ADDD-727FC747319A}"
EndProject
Global
	GlobalSection(SolutionConfigurationPlatforms) = preSolution
		Debug|Any CPU = Debug|Any CPU
		Release|Any CPU = Release|Any CPU
	EndGlobalSection
	GlobalSection(ProjectConfigurationPlatforms) = postSolution
		{BFB4D214-332F-4971-860F-81629A8F84DF}.Debug|Any CPU.ActiveCfg = Debug|Any CPU
		{BFB4D214-332F-4971-860F-81629A8F84DF}.Debug|Any CPU.Build.0 = Debug|Any CPU
		{BFB4D214-332F-4971-860F-81629A8F84DF}.Release|Any CPU.ActiveCfg = Release|Any CPU
		{BFB4D214-332F-4971-860F-81629A8F84DF}.Release|Any CPU.Build.0 = Release|Any CPU
		{7497A8FF-0AE1-4C1D-ADDD-727FC747319A}.Debug|Any CPU.ActiveCfg = Debug|Any CPU
		{7497A8FF-0AE1-4C1D-ADDD-727FC747319A}.Debug|Any CPU.Build.0 = Debug|Any CPU
		{7497A8FF-0AE1-4C1D-ADDD-727FC747319A}.Release|Any CPU.ActiveCfg = Release|Any CPU
		{7497A8FF-0AE1-4C1D-ADDD-727FC747319A}.Release|Any CPU.Build.0 = Release|Any CPU
	EndGlobalSection
	GlobalSection(SolutionProperties) = preSolution
		HideSolutionNode = FALSE
	EndGlobalSection
	GlobalSection(ExtensibilityGlobals) = postSolution
		SolutionGuid = {3DD69860-8208-48FE-856E-74932C988299}
	EndGlobalSection
EndGlobal
